// !$*UTF8*$!
{
	archiveVersion = 1;
	classes = {
	};
	objectVersion = 51;
	objects = {

/* Begin PBXBuildFile section */
		6870DDD425F760400001186F /* AppDelegate.swift in Sources */ = {isa = PBXBuildFile; fileRef = 6870DDD325F760400001186F /* AppDelegate.swift */; };
		6870DDD625F760400001186F /* SceneDelegate.swift in Sources */ = {isa = PBXBuildFile; fileRef = 6870DDD525F760400001186F /* SceneDelegate.swift */; };
		6870DDD825F760400001186F /* WelcomeViewController.swift in Sources */ = {isa = PBXBuildFile; fileRef = 6870DDD725F760400001186F /* WelcomeViewController.swift */; };
		6870DDDB25F760400001186F /* Main.storyboard in Resources */ = {isa = PBXBuildFile; fileRef = 6870DDD925F760400001186F /* Main.storyboard */; };
		6870DDDE25F760400001186F /* Chatify.xcdatamodeld in Sources */ = {isa = PBXBuildFile; fileRef = 6870DDDC25F760400001186F /* Chatify.xcdatamodeld */; };
		6870DDE025F760440001186F /* Assets.xcassets in Resources */ = {isa = PBXBuildFile; fileRef = 6870DDDF25F760440001186F /* Assets.xcassets */; };
		6870DDE325F760440001186F /* LaunchScreen.storyboard in Resources */ = {isa = PBXBuildFile; fileRef = 6870DDE125F760440001186F /* LaunchScreen.storyboard */; };
		6870DDEC25F7605E0001186F /* GoogleService-Info.plist in Resources */ = {isa = PBXBuildFile; fileRef = 6870DDEB25F7605E0001186F /* GoogleService-Info.plist */; };
		68D13D6625F78AA400F94F37 /* Poppins-Regular.ttf in Resources */ = {isa = PBXBuildFile; fileRef = 68D13D6525F78AA400F94F37 /* Poppins-Regular.ttf */; };
		68D13D6A25F799FC00F94F37 /* ButtonComponent.swift in Sources */ = {isa = PBXBuildFile; fileRef = 68D13D6925F799FC00F94F37 /* ButtonComponent.swift */; };
		68D13D7225F7BA3300F94F37 /* LoginViewController.swift in Sources */ = {isa = PBXBuildFile; fileRef = 68D13D7125F7BA3300F94F37 /* LoginViewController.swift */; };
		68EEA27C25F7890A00E0B2AB /* Poppins-Light.ttf in Resources */ = {isa = PBXBuildFile; fileRef = 68EEA27B25F7890A00E0B2AB /* Poppins-Light.ttf */; };
		82F6CC64793BA373AE5212A7 /* Pods_Chatify.framework in Frameworks */ = {isa = PBXBuildFile; fileRef = F2992436BA8BAD82DF76F516 /* Pods_Chatify.framework */; };
/* End PBXBuildFile section */

/* Begin PBXFileReference section */
		6870DDD025F760400001186F /* Chatify.app */ = {isa = PBXFileReference; explicitFileType = wrapper.application; includeInIndex = 0; path = Chatify.app; sourceTree = BUILT_PRODUCTS_DIR; };
		6870DDD325F760400001186F /* AppDelegate.swift */ = {isa = PBXFileReference; lastKnownFileType = sourcecode.swift; path = AppDelegate.swift; sourceTree = "<group>"; };
		6870DDD525F760400001186F /* SceneDelegate.swift */ = {isa = PBXFileReference; lastKnownFileType = sourcecode.swift; path = SceneDelegate.swift; sourceTree = "<group>"; };
		6870DDD725F760400001186F /* WelcomeViewController.swift */ = {isa = PBXFileReference; lastKnownFileType = sourcecode.swift; path = WelcomeViewController.swift; sourceTree = "<group>"; };
		6870DDDA25F760400001186F /* Base */ = {isa = PBXFileReference; lastKnownFileType = file.storyboard; name = Base; path = Base.lproj/Main.storyboard; sourceTree = "<group>"; };
		6870DDDD25F760400001186F /* Chatify.xcdatamodel */ = {isa = PBXFileReference; lastKnownFileType = wrapper.xcdatamodel; path = Chatify.xcdatamodel; sourceTree = "<group>"; };
		6870DDDF25F760440001186F /* Assets.xcassets */ = {isa = PBXFileReference; lastKnownFileType = folder.assetcatalog; path = Assets.xcassets; sourceTree = "<group>"; };
		6870DDE225F760440001186F /* Base */ = {isa = PBXFileReference; lastKnownFileType = file.storyboard; name = Base; path = Base.lproj/LaunchScreen.storyboard; sourceTree = "<group>"; };
		6870DDE425F760440001186F /* Info.plist */ = {isa = PBXFileReference; lastKnownFileType = text.plist.xml; path = Info.plist; sourceTree = "<group>"; };
		6870DDEB25F7605E0001186F /* GoogleService-Info.plist */ = {isa = PBXFileReference; fileEncoding = 4; lastKnownFileType = text.plist.xml; path = "GoogleService-Info.plist"; sourceTree = "<group>"; };
		68D13D6525F78AA400F94F37 /* Poppins-Regular.ttf */ = {isa = PBXFileReference; lastKnownFileType = file; path = "Poppins-Regular.ttf"; sourceTree = "<group>"; };
		68D13D6925F799FC00F94F37 /* ButtonComponent.swift */ = {isa = PBXFileReference; lastKnownFileType = sourcecode.swift; path = ButtonComponent.swift; sourceTree = "<group>"; };
		68D13D7125F7BA3300F94F37 /* LoginViewController.swift */ = {isa = PBXFileReference; lastKnownFileType = sourcecode.swift; path = LoginViewController.swift; sourceTree = "<group>"; };
		68EEA27B25F7890A00E0B2AB /* Poppins-Light.ttf */ = {isa = PBXFileReference; lastKnownFileType = file; path = "Poppins-Light.ttf"; sourceTree = "<group>"; };
		AD06148D7A504FBB04589406 /* Pods-Chatify.debug.xcconfig */ = {isa = PBXFileReference; includeInIndex = 1; lastKnownFileType = text.xcconfig; name = "Pods-Chatify.debug.xcconfig"; path = "Target Support Files/Pods-Chatify/Pods-Chatify.debug.xcconfig"; sourceTree = "<group>"; };
		EA1BF2E8CE613D65F9CEF0C2 /* Pods-Chatify.release.xcconfig */ = {isa = PBXFileReference; includeInIndex = 1; lastKnownFileType = text.xcconfig; name = "Pods-Chatify.release.xcconfig"; path = "Target Support Files/Pods-Chatify/Pods-Chatify.release.xcconfig"; sourceTree = "<group>"; };
		F2992436BA8BAD82DF76F516 /* Pods_Chatify.framework */ = {isa = PBXFileReference; explicitFileType = wrapper.framework; includeInIndex = 0; path = Pods_Chatify.framework; sourceTree = BUILT_PRODUCTS_DIR; };
/* End PBXFileReference section */

/* Begin PBXFrameworksBuildPhase section */
		6870DDCD25F760400001186F /* Frameworks */ = {
			isa = PBXFrameworksBuildPhase;
			buildActionMask = 2147483647;
			files = (
				82F6CC64793BA373AE5212A7 /* Pods_Chatify.framework in Frameworks */,
			);
			runOnlyForDeploymentPostprocessing = 0;
		};
/* End PBXFrameworksBuildPhase section */

/* Begin PBXGroup section */
		25ACA8B52CD7B27F187F10BB /* Pods */ = {
			isa = PBXGroup;
			children = (
				AD06148D7A504FBB04589406 /* Pods-Chatify.debug.xcconfig */,
				EA1BF2E8CE613D65F9CEF0C2 /* Pods-Chatify.release.xcconfig */,
			);
			path = Pods;
			sourceTree = "<group>";
		};
		5886E19DA3D96975D7546034 /* Frameworks */ = {
			isa = PBXGroup;
			children = (
				F2992436BA8BAD82DF76F516 /* Pods_Chatify.framework */,
			);
			name = Frameworks;
			sourceTree = "<group>";
		};
		6870DDC725F760400001186F = {
			isa = PBXGroup;
			children = (
				6870DDD225F760400001186F /* Chatify */,
				6870DDD125F760400001186F /* Products */,
				25ACA8B52CD7B27F187F10BB /* Pods */,
				5886E19DA3D96975D7546034 /* Frameworks */,
			);
			sourceTree = "<group>";
		};
		6870DDD125F760400001186F /* Products */ = {
			isa = PBXGroup;
			children = (
				6870DDD025F760400001186F /* Chatify.app */,
			);
			name = Products;
			sourceTree = "<group>";
		};
		6870DDD225F760400001186F /* Chatify */ = {
			isa = PBXGroup;
			children = (
				68D13D6825F799DB00F94F37 /* Components */,
				68EEA27A25F7889600E0B2AB /* fonts */,
				68EEA27125F773B800E0B2AB /* Models */,
				6870DDD325F760400001186F /* AppDelegate.swift */,
				6870DDD525F760400001186F /* SceneDelegate.swift */,
				68EEA26D25F7730C00E0B2AB /* Controllers */,
				68EEA26F25F773A100E0B2AB /* Views */,
				6870DDDF25F760440001186F /* Assets.xcassets */,
				6870DDE425F760440001186F /* Info.plist */,
				6870DDDC25F760400001186F /* Chatify.xcdatamodeld */,
				6870DDEB25F7605E0001186F /* GoogleService-Info.plist */,
			);
			path = Chatify;
			sourceTree = "<group>";
		};
		68D13D6825F799DB00F94F37 /* Components */ = {
			isa = PBXGroup;
			children = (
				68D13D6925F799FC00F94F37 /* ButtonComponent.swift */,
			);
			path = Components;
			sourceTree = "<group>";
		};
		68EEA26D25F7730C00E0B2AB /* Controllers */ = {
			isa = PBXGroup;
			children = (
				6870DDD725F760400001186F /* WelcomeViewController.swift */,
				68D13D7125F7BA3300F94F37 /* LoginViewController.swift */,
			);
			path = Controllers;
			sourceTree = "<group>";
		};
		68EEA26F25F773A100E0B2AB /* Views */ = {
			isa = PBXGroup;
			children = (
				68EEA27325F7743000E0B2AB /* Storyboards */,
			);
			path = Views;
			sourceTree = "<group>";
		};
		68EEA27125F773B800E0B2AB /* Models */ = {
			isa = PBXGroup;
			children = (
			);
			path = Models;
			sourceTree = "<group>";
		};
		68EEA27325F7743000E0B2AB /* Storyboards */ = {
			isa = PBXGroup;
			children = (
				6870DDD925F760400001186F /* Main.storyboard */,
				6870DDE125F760440001186F /* LaunchScreen.storyboard */,
			);
			path = Storyboards;
			sourceTree = "<group>";
		};
		68EEA27A25F7889600E0B2AB /* fonts */ = {
			isa = PBXGroup;
			children = (
				68EEA27B25F7890A00E0B2AB /* Poppins-Light.ttf */,
				68D13D6525F78AA400F94F37 /* Poppins-Regular.ttf */,
			);
			path = fonts;
			sourceTree = "<group>";
		};
/* End PBXGroup section */

/* Begin PBXNativeTarget section */
		6870DDCF25F760400001186F /* Chatify */ = {
			isa = PBXNativeTarget;
			buildConfigurationList = 6870DDE725F760440001186F /* Build configuration list for PBXNativeTarget "Chatify" */;
			buildPhases = (
				4146F09C822966978E767DB1 /* [CP] Check Pods Manifest.lock */,
				6870DDCC25F760400001186F /* Sources */,
				6870DDCD25F760400001186F /* Frameworks */,
				6870DDCE25F760400001186F /* Resources */,
				20C82B7B6240A9893FD2DA96 /* [CP] Embed Pods Frameworks */,
			);
			buildRules = (
			);
			dependencies = (
			);
			name = Chatify;
			productName = Chatify;
			productReference = 6870DDD025F760400001186F /* Chatify.app */;
			productType = "com.apple.product-type.application";
		};
/* End PBXNativeTarget section */

/* Begin PBXProject section */
		6870DDC825F760400001186F /* Project object */ = {
			isa = PBXProject;
			attributes = {
				LastSwiftUpdateCheck = 1230;
				LastUpgradeCheck = 1230;
				TargetAttributes = {
					6870DDCF25F760400001186F = {
						CreatedOnToolsVersion = 12.3;
					};
				};
			};
			buildConfigurationList = 6870DDCB25F760400001186F /* Build configuration list for PBXProject "Chatify" */;
			compatibilityVersion = "Xcode 9.3";
			developmentRegion = en;
			hasScannedForEncodings = 0;
			knownRegions = (
				en,
				Base,
			);
			mainGroup = 6870DDC725F760400001186F;
			productRefGroup = 6870DDD125F760400001186F /* Products */;
			projectDirPath = "";
			projectRoot = "";
			targets = (
				6870DDCF25F760400001186F /* Chatify */,
			);
		};
/* End PBXProject section */

/* Begin PBXResourcesBuildPhase section */
		6870DDCE25F760400001186F /* Resources */ = {
			isa = PBXResourcesBuildPhase;
			buildActionMask = 2147483647;
			files = (
				6870DDE325F760440001186F /* LaunchScreen.storyboard in Resources */,
				68EEA27C25F7890A00E0B2AB /* Poppins-Light.ttf in Resources */,
				6870DDEC25F7605E0001186F /* GoogleService-Info.plist in Resources */,
				68D13D6625F78AA400F94F37 /* Poppins-Regular.ttf in Resources */,
				6870DDE025F760440001186F /* Assets.xcassets in Resources */,
				6870DDDB25F760400001186F /* Main.storyboard in Resources */,
			);
			runOnlyForDeploymentPostprocessing = 0;
		};
/* End PBXResourcesBuildPhase section */

/* Begin PBXShellScriptBuildPhase section */
		20C82B7B6240A9893FD2DA96 /* [CP] Embed Pods Frameworks */ = {
			isa = PBXShellScriptBuildPhase;
			buildActionMask = 2147483647;
			files = (
			);
			inputFileListPaths = (
				"${PODS_ROOT}/Target Support Files/Pods-Chatify/Pods-Chatify-frameworks-${CONFIGURATION}-input-files.xcfilelist",
			);
			name = "[CP] Embed Pods Frameworks";
			outputFileListPaths = (
				"${PODS_ROOT}/Target Support Files/Pods-Chatify/Pods-Chatify-frameworks-${CONFIGURATION}-output-files.xcfilelist",
			);
			runOnlyForDeploymentPostprocessing = 0;
			shellPath = /bin/sh;
			shellScript = "\"${PODS_ROOT}/Target Support Files/Pods-Chatify/Pods-Chatify-frameworks.sh\"\n";
			showEnvVarsInLog = 0;
		};
		4146F09C822966978E767DB1 /* [CP] Check Pods Manifest.lock */ = {
			isa = PBXShellScriptBuildPhase;
			buildActionMask = 2147483647;
			files = (
			);
			inputFileListPaths = (
			);
			inputPaths = (
				"${PODS_PODFILE_DIR_PATH}/Podfile.lock",
				"${PODS_ROOT}/Manifest.lock",
			);
			name = "[CP] Check Pods Manifest.lock";
			outputFileListPaths = (
			);
			outputPaths = (
				"$(DERIVED_FILE_DIR)/Pods-Chatify-checkManifestLockResult.txt",
			);
			runOnlyForDeploymentPostprocessing = 0;
			shellPath = /bin/sh;
			shellScript = "diff \"${PODS_PODFILE_DIR_PATH}/Podfile.lock\" \"${PODS_ROOT}/Manifest.lock\" > /dev/null\nif [ $? != 0 ] ; then\n    # print error to STDERR\n    echo \"error: The sandbox is not in sync with the Podfile.lock. Run 'pod install' or update your CocoaPods installation.\" >&2\n    exit 1\nfi\n# This output is used by Xcode 'outputs' to avoid re-running this script phase.\necho \"SUCCESS\" > \"${SCRIPT_OUTPUT_FILE_0}\"\n";
			showEnvVarsInLog = 0;
		};
/* End PBXShellScriptBuildPhase section */

/* Begin PBXSourcesBuildPhase section */
		6870DDCC25F760400001186F /* Sources */ = {
			isa = PBXSourcesBuildPhase;
			buildActionMask = 2147483647;
			files = (
				68D13D7225F7BA3300F94F37 /* LoginViewController.swift in Sources */,
				6870DDDE25F760400001186F /* Chatify.xcdatamodeld in Sources */,
				6870DDD825F760400001186F /* WelcomeViewController.swift in Sources */,
				6870DDD425F760400001186F /* AppDelegate.swift in Sources */,
				68D13D6A25F799FC00F94F37 /* ButtonComponent.swift in Sources */,
				6870DDD625F760400001186F /* SceneDelegate.swift in Sources */,
			);
			runOnlyForDeploymentPostprocessing = 0;
		};
/* End PBXSourcesBuildPhase section */

/* Begin PBXVariantGroup section */
		6870DDD925F760400001186F /* Main.storyboard */ = {
			isa = PBXVariantGroup;
			children = (
				6870DDDA25F760400001186F /* Base */,
			);
			name = Main.storyboard;
			sourceTree = "<group>";
		};
		6870DDE125F760440001186F /* LaunchScreen.storyboard */ = {
			isa = PBXVariantGroup;
			children = (
				6870DDE225F760440001186F /* Base */,
			);
			name = LaunchScreen.storyboard;
			sourceTree = "<group>";
		};
/* End PBXVariantGroup section */

/* Begin XCBuildConfiguration section */
		6870DDE525F760440001186F /* Debug */ = {
			isa = XCBuildConfiguration;
			buildSettings = {
				ALWAYS_SEARCH_USER_PATHS = NO;
				CLANG_ANALYZER_NONNULL = YES;
				CLANG_ANALYZER_NUMBER_OBJECT_CONVERSION = YES_AGGRESSIVE;
				CLANG_CXX_LANGUAGE_STANDARD = "gnu++14";
				CLANG_CXX_LIBRARY = "libc++";
				CLANG_ENABLE_MODULES = YES;
				CLANG_ENABLE_OBJC_ARC = YES;
				CLANG_ENABLE_OBJC_WEAK = YES;
				CLANG_WARN_BLOCK_CAPTURE_AUTORELEASING = YES;
				CLANG_WARN_BOOL_CONVERSION = YES;
				CLANG_WARN_COMMA = YES;
				CLANG_WARN_CONSTANT_CONVERSION = YES;
				CLANG_WARN_DEPRECATED_OBJC_IMPLEMENTATIONS = YES;
				CLANG_WARN_DIRECT_OBJC_ISA_USAGE = YES_ERROR;
				CLANG_WARN_DOCUMENTATION_COMMENTS = YES;
				CLANG_WARN_EMPTY_BODY = YES;
				CLANG_WARN_ENUM_CONVERSION = YES;
				CLANG_WARN_INFINITE_RECURSION = YES;
				CLANG_WARN_INT_CONVERSION = YES;
				CLANG_WARN_NON_LITERAL_NULL_CONVERSION = YES;
				CLANG_WARN_OBJC_IMPLICIT_RETAIN_SELF = YES;
				CLANG_WARN_OBJC_LITERAL_CONVERSION = YES;
				CLANG_WARN_OBJC_ROOT_CLASS = YES_ERROR;
				CLANG_WARN_QUOTED_INCLUDE_IN_FRAMEWORK_HEADER = YES;
				CLANG_WARN_RANGE_LOOP_ANALYSIS = YES;
				CLANG_WARN_STRICT_PROTOTYPES = YES;
				CLANG_WARN_SUSPICIOUS_MOVE = YES;
				CLANG_WARN_UNGUARDED_AVAILABILITY = YES_AGGRESSIVE;
				CLANG_WARN_UNREACHABLE_CODE = YES;
				CLANG_WARN__DUPLICATE_METHOD_MATCH = YES;
				COPY_PHASE_STRIP = NO;
				DEBUG_INFORMATION_FORMAT = dwarf;
				ENABLE_STRICT_OBJC_MSGSEND = YES;
				ENABLE_TESTABILITY = YES;
				GCC_C_LANGUAGE_STANDARD = gnu11;
				GCC_DYNAMIC_NO_PIC = NO;
				GCC_NO_COMMON_BLOCKS = YES;
				GCC_OPTIMIZATION_LEVEL = 0;
				GCC_PREPROCESSOR_DEFINITIONS = (
					"DEBUG=1",
					"$(inherited)",
				);
				GCC_WARN_64_TO_32_BIT_CONVERSION = YES;
				GCC_WARN_ABOUT_RETURN_TYPE = YES_ERROR;
				GCC_WARN_UNDECLARED_SELECTOR = YES;
				GCC_WARN_UNINITIALIZED_AUTOS = YES_AGGRESSIVE;
				GCC_WARN_UNUSED_FUNCTION = YES;
				GCC_WARN_UNUSED_VARIABLE = YES;
				IPHONEOS_DEPLOYMENT_TARGET = 14.3;
				MTL_ENABLE_DEBUG_INFO = INCLUDE_SOURCE;
				MTL_FAST_MATH = YES;
				ONLY_ACTIVE_ARCH = YES;
				SDKROOT = iphoneos;
				SWIFT_ACTIVE_COMPILATION_CONDITIONS = DEBUG;
				SWIFT_OPTIMIZATION_LEVEL = "-Onone";
			};
			name = Debug;
		};
		6870DDE625F760440001186F /* Release */ = {
			isa = XCBuildConfiguration;
			buildSettings = {
				ALWAYS_SEARCH_USER_PATHS = NO;
				CLANG_ANALYZER_NONNULL = YES;
				CLANG_ANALYZER_NUMBER_OBJECT_CONVERSION = YES_AGGRESSIVE;
				CLANG_CXX_LANGUAGE_STANDARD = "gnu++14";
				CLANG_CXX_LIBRARY = "libc++";
				CLANG_ENABLE_MODULES = YES;
				CLANG_ENABLE_OBJC_ARC = YES;
				CLANG_ENABLE_OBJC_WEAK = YES;
				CLANG_WARN_BLOCK_CAPTURE_AUTORELEASING = YES;
				CLANG_WARN_BOOL_CONVERSION = YES;
				CLANG_WARN_COMMA = YES;
				CLANG_WARN_CONSTANT_CONVERSION = YES;
				CLANG_WARN_DEPRECATED_OBJC_IMPLEMENTATIONS = YES;
				CLANG_WARN_DIRECT_OBJC_ISA_USAGE = YES_ERROR;
				CLANG_WARN_DOCUMENTATION_COMMENTS = YES;
				CLANG_WARN_EMPTY_BODY = YES;
				CLANG_WARN_ENUM_CONVERSION = YES;
				CLANG_WARN_INFINITE_RECURSION = YES;
				CLANG_WARN_INT_CONVERSION = YES;
				CLANG_WARN_NON_LITERAL_NULL_CONVERSION = YES;
				CLANG_WARN_OBJC_IMPLICIT_RETAIN_SELF = YES;
				CLANG_WARN_OBJC_LITERAL_CONVERSION = YES;
				CLANG_WARN_OBJC_ROOT_CLASS = YES_ERROR;
				CLANG_WARN_QUOTED_INCLUDE_IN_FRAMEWORK_HEADER = YES;
				CLANG_WARN_RANGE_LOOP_ANALYSIS = YES;
				CLANG_WARN_STRICT_PROTOTYPES = YES;
				CLANG_WARN_SUSPICIOUS_MOVE = YES;
				CLANG_WARN_UNGUARDED_AVAILABILITY = YES_AGGRESSIVE;
				CLANG_WARN_UNREACHABLE_CODE = YES;
				CLANG_WARN__DUPLICATE_METHOD_MATCH = YES;
				COPY_PHASE_STRIP = NO;
				DEBUG_INFORMATION_FORMAT = "dwarf-with-dsym";
				ENABLE_NS_ASSERTIONS = NO;
				ENABLE_STRICT_OBJC_MSGSEND = YES;
				GCC_C_LANGUAGE_STANDARD = gnu11;
				GCC_NO_COMMON_BLOCKS = YES;
				GCC_WARN_64_TO_32_BIT_CONVERSION = YES;
				GCC_WARN_ABOUT_RETURN_TYPE = YES_ERROR;
				GCC_WARN_UNDECLARED_SELECTOR = YES;
				GCC_WARN_UNINITIALIZED_AUTOS = YES_AGGRESSIVE;
				GCC_WARN_UNUSED_FUNCTION = YES;
				GCC_WARN_UNUSED_VARIABLE = YES;
				IPHONEOS_DEPLOYMENT_TARGET = 14.3;
				MTL_ENABLE_DEBUG_INFO = NO;
				MTL_FAST_MATH = YES;
				SDKROOT = iphoneos;
				SWIFT_COMPILATION_MODE = wholemodule;
				SWIFT_OPTIMIZATION_LEVEL = "-O";
				VALIDATE_PRODUCT = YES;
			};
			name = Release;
		};
		6870DDE825F760440001186F /* Debug */ = {
			isa = XCBuildConfiguration;
			baseConfigurationReference = AD06148D7A504FBB04589406 /* Pods-Chatify.debug.xcconfig */;
			buildSettings = {
				ASSETCATALOG_COMPILER_APPICON_NAME = AppIcon;
				ASSETCATALOG_COMPILER_GLOBAL_ACCENT_COLOR_NAME = AccentColor;
				CODE_SIGN_STYLE = Automatic;
				INFOPLIST_FILE = Chatify/Info.plist;
				IPHONEOS_DEPLOYMENT_TARGET = 13.0;
				LD_RUNPATH_SEARCH_PATHS = (
					"$(inherited)",
					"@executable_path/Frameworks",
				);
				PRODUCT_BUNDLE_IDENTIFIER = in.applore.Chatify;
				PRODUCT_NAME = "$(TARGET_NAME)";
				SWIFT_VERSION = 5.0;
				TARGETED_DEVICE_FAMILY = "1,2";
			};
			name = Debug;
		};
		6870DDE925F760440001186F /* Release */ = {
			isa = XCBuildConfiguration;
			baseConfigurationReference = EA1BF2E8CE613D65F9CEF0C2 /* Pods-Chatify.release.xcconfig */;
			buildSettings = {
				ASSETCATALOG_COMPILER_APPICON_NAME = AppIcon;
				ASSETCATALOG_COMPILER_GLOBAL_ACCENT_COLOR_NAME = AccentColor;
				CODE_SIGN_STYLE = Automatic;
				INFOPLIST_FILE = Chatify/Info.plist;
				IPHONEOS_DEPLOYMENT_TARGET = 13.0;
				LD_RUNPATH_SEARCH_PATHS = (
					"$(inherited)",
					"@executable_path/Frameworks",
				);
				PRODUCT_BUNDLE_IDENTIFIER = in.applore.Chatify;
				PRODUCT_NAME = "$(TARGET_NAME)";
				SWIFT_VERSION = 5.0;
				TARGETED_DEVICE_FAMILY = "1,2";
			};
			name = Release;
		};
/* End XCBuildConfiguration section */

/* Begin XCConfigurationList section */
		6870DDCB25F760400001186F /* Build configuration list for PBXProject "Chatify" */ = {
			isa = XCConfigurationList;
			buildConfigurations = (
				6870DDE525F760440001186F /* Debug */,
				6870DDE625F760440001186F /* Release */,
			);
			defaultConfigurationIsVisible = 0;
			defaultConfigurationName = Release;
		};
		6870DDE725F760440001186F /* Build configuration list for PBXNativeTarget "Chatify" */ = {
			isa = XCConfigurationList;
			buildConfigurations = (
				6870DDE825F760440001186F /* Debug */,
				6870DDE925F760440001186F /* Release */,
			);
			defaultConfigurationIsVisible = 0;
			defaultConfigurationName = Release;
		};
/* End XCConfigurationList section */

/* Begin XCVersionGroup section */
		6870DDDC25F760400001186F /* Chatify.xcdatamodeld */ = {
			isa = XCVersionGroup;
			children = (
				6870DDDD25F760400001186F /* Chatify.xcdatamodel */,
			);
			currentVersion = 6870DDDD25F760400001186F /* Chatify.xcdatamodel */;
			path = Chatify.xcdatamodeld;
			sourceTree = "<group>";
			versionGroupType = wrapper.xcdatamodel;
		};
/* End XCVersionGroup section */
	};
	rootObject = 6870DDC825F760400001186F /* Project object */;
}
